{
  "name": "@assister/chat",
  "version": "0.1.0",
  "lockfileVersion": 3,
  "requires": true,
  "packages": {
    "": {
      "name": "@assister/chat",
      "version": "0.1.0",
      "license": "MIT",
      "dependencies": {
        "@assister/chat": "^0.1.1",
        "@ionic/core": "latest"
      },
      "devDependencies": {
        "@stencil/core": "latest"
      }
    },
    "node_modules/@assister/chat": {
      "version": "0.1.1",
      "resolved": "https://registry.npmjs.org/@assister/chat/-/chat-0.1.1.tgz",
      "integrity": "sha512-qiB6NEoe8NNZ+TfhiHIKB/8R/s9m3S6v/ZNGJuRDpUOIApCjveZzvLIm7sM6wH/Bi2JbBpSZxfIWVWROMEnMBQ==",
      "dependencies": {
        "@ionic/core": "latest"
      }
    },
    "node_modules/@ionic/core": {
      "version": "7.7.4",
      "resolved": "https://registry.npmjs.org/@ionic/core/-/core-7.7.4.tgz",
      "integrity": "sha512-zThio3ZfbTu+3eM6QBdyeEk5OBc7M0ApFwSlP/G7rrFVcTPm12FNvG9VPD+aN5NwnYy0EsV3hlMkxbawoqjVLw==",
      "dependencies": {
        "@stencil/core": "^4.12.2",
        "ionicons": "^7.2.2",
        "tslib": "^2.1.0"
      }
    },
    "node_modules/@stencil/core": {
      "version": "4.12.5",
      "resolved": "https://registry.npmjs.org/@stencil/core/-/core-4.12.5.tgz",
      "integrity": "sha512-vSyFjY7XSEx0ufa9SebOd437CvnneaTXlCpuGDhjUDxAjGBlu6ie5qHyubobVGBth//aErc6wZPHc6W75Vp3iQ==",
      "bin": {
        "stencil": "bin/stencil"
      },
      "engines": {
        "node": ">=16.0.0",
        "npm": ">=7.10.0"
      }
    },
    "node_modules/ionicons": {
      "version": "7.2.2",
      "license": "MIT",
      "dependencies": {
        "@stencil/core": "^4.0.3"
      }
    },
    "node_modules/tslib": {
      "version": "2.6.2",
      "license": "0BSD"
    }
  }
}
